
Microsoft Visual Studio Solution File, Format Version 12.00
# Visual Studio Version 16
VisualStudioVersion = 16.0.31005.135
MinimumVisualStudioVersion = 10.0.40219.1
Project("{FAE04EC0-301F-11D3-BF4B-00C04F79EFBC}") = "BIO2022Q1", "BIO2022Q1\BIO2022Q1.csproj", "{012D4B71-A88F-4BD6-84B9-8C37595BE01D}"
EndProject
Global
	GlobalSection(SolutionConfigurationPlatforms) = preSolution
		Debug|Any CPU = Debug|Any CPU
		Release|Any CPU = Release|Any CPU
	EndGlobalSection
	GlobalSection(ProjectConfigurationPlatforms) = postSolution
		{012D4B71-A88F-4BD6-84B9-8C37595BE01D}.Debug|Any CPU.ActiveCfg = Debug|Any CPU
		{012D4B71-A88F-4BD6-84B9-8C37595BE01D}.Debug|Any CPU.Build.0 = Debug|Any CPU
		{012D4B71-A88F-4BD6-84B9-8C37595BE01D}.Release|Any CPU.ActiveCfg = Release|Any CPU
		{012D4B71-A88F-4BD6-84B9-8C37595BE01D}.Release|Any CPU.Build.0 = Release|Any CPU
	EndGlobalSection
	GlobalSection(SolutionProperties) = preSolution
		HideSolutionNode = FALSE
	EndGlobalSection
	GlobalSection(ExtensibilityGlobals) = postSolution
		SolutionGuid = {8B96B537-F826-42AA-A2D5-AE720C30659B}
	EndGlobalSection
EndGlobal
